
Microsoft Visual Studio Solution File, Format Version 12.00
# Visual Studio Version 17
VisualStudioVersion = 17.9.34723.18
MinimumVisualStudioVersion = 10.0.40219.1
Project("{9A19103F-16F7-4668-BE54-9A1E7A4F7556}") = "kria-desafio", "kria-desafio\kria-desafio.csproj", "{BA996AA5-FFBD-4D2D-A854-63F5D84992C9}"
EndProject
Project("{FAE04EC0-301F-11D3-BF4B-00C04F79EFBC}") = "KriaTestProject", "KriaTestProject\KriaTestProject.csproj", "{5FAF9AAD-2306-4D5B-820D-30105F00D2A2}"
EndProject
Global
	GlobalSection(SolutionConfigurationPlatforms) = preSolution
		Debug|Any CPU = Debug|Any CPU
		Release|Any CPU = Release|Any CPU
	EndGlobalSection
	GlobalSection(ProjectConfigurationPlatforms) = postSolution
		{BA996AA5-FFBD-4D2D-A854-63F5D84992C9}.Debug|Any CPU.ActiveCfg = Debug|Any CPU
		{BA996AA5-FFBD-4D2D-A854-63F5D84992C9}.Debug|Any CPU.Build.0 = Debug|Any CPU
		{BA996AA5-FFBD-4D2D-A854-63F5D84992C9}.Release|Any CPU.ActiveCfg = Release|Any CPU
		{BA996AA5-FFBD-4D2D-A854-63F5D84992C9}.Release|Any CPU.Build.0 = Release|Any CPU
		{5FAF9AAD-2306-4D5B-820D-30105F00D2A2}.Debug|Any CPU.ActiveCfg = Debug|Any CPU
		{5FAF9AAD-2306-4D5B-820D-30105F00D2A2}.Debug|Any CPU.Build.0 = Debug|Any CPU
		{5FAF9AAD-2306-4D5B-820D-30105F00D2A2}.Release|Any CPU.ActiveCfg = Release|Any CPU
		{5FAF9AAD-2306-4D5B-820D-30105F00D2A2}.Release|Any CPU.Build.0 = Release|Any CPU
	EndGlobalSection
	GlobalSection(SolutionProperties) = preSolution
		HideSolutionNode = FALSE
	EndGlobalSection
	GlobalSection(ExtensibilityGlobals) = postSolution
		SolutionGuid = {86602F89-E4A4-4460-B317-ED9A63AD1CFA}
	EndGlobalSection
EndGlobal
